{
  "version": "v1",
  "packages": {
    "@bloomreach/spa-sdk": {
      "signature": "2dd019154f9b07a5f8cbd990e03606d1",
      "file": true
    },
    "@bloomreach/vue3-sdk": {
      "signature": "6e18355d92536b9953deee7b0baa2d08",
      "file": true
    },
    "@bloomreach/vue-sdk": {
      "signature": "0842bb2121c090e95a640df1c45d2512",
      "file": true
    }
  }
}